
Microsoft Visual Studio Solution File, Format Version 12.00
# Visual Studio Version 17
VisualStudioVersion = 17.14.36015.10 d17.14
MinimumVisualStudioVersion = 10.0.40219.1
Project("{FAE04EC0-301F-11D3-BF4B-00C04F79EFBC}") = "EventNetwork", "EventNetwork\EventNetwork.csproj", "{BCA0B7FC-FDB9-4F9D-AE69-E3615C50AF41}"
EndProject
Global
	GlobalSection(SolutionConfigurationPlatforms) = preSolution
		Debug|Any CPU = Debug|Any CPU
		Release|Any CPU = Release|Any CPU
	EndGlobalSection
	GlobalSection(ProjectConfigurationPlatforms) = postSolution
		{BCA0B7FC-FDB9-4F9D-AE69-E3615C50AF41}.Debug|Any CPU.ActiveCfg = Debug|Any CPU
		{BCA0B7FC-FDB9-4F9D-AE69-E3615C50AF41}.Debug|Any CPU.Build.0 = Debug|Any CPU
		{BCA0B7FC-FDB9-4F9D-AE69-E3615C50AF41}.Release|Any CPU.ActiveCfg = Release|Any CPU
		{BCA0B7FC-FDB9-4F9D-AE69-E3615C50AF41}.Release|Any CPU.Build.0 = Release|Any CPU
	EndGlobalSection
	GlobalSection(SolutionProperties) = preSolution
		HideSolutionNode = FALSE
	EndGlobalSection
	GlobalSection(ExtensibilityGlobals) = postSolution
		SolutionGuid = {8CD3C929-E58B-48F7-865F-63DB5E891B79}
	EndGlobalSection
EndGlobal
